# This file is automatically @generated by Poetry and should not be changed by hand.

[[package]]
name = "greenlet"
version = "2.0.2"
description = "Lightweight in-process concurrent programming"
category = "main"
optional = false
python-versions = ">=2.7,!=3.0.*,!=3.1.*,!=3.2.*,!=3.3.*,!=3.4.*"
files = [
    {file = "greenlet-2.0.2-cp27-cp27m-macosx_10_14_x86_64.whl", hash = "sha256:bdfea8c661e80d3c1c99ad7c3ff74e6e87184895bbaca6ee8cc61209f8b9b85d"},
    {file = "greenlet-2.0.2-cp27-cp27m-manylinux2010_x86_64.whl", hash = "sha256:9d14b83fab60d5e8abe587d51c75b252bcc21683f24699ada8fb275d7712f5a9"},
    {file = "greenlet-2.0.2-cp27-cp27m-win32.whl", hash = "sha256:6c3acb79b0bfd4fe733dff8bc62695283b57949ebcca05ae5c129eb606ff2d74"},
    {file = "greenlet-2.0.2-cp27-cp27m-win_amd64.whl", hash = "sha256:283737e0da3f08bd637b5ad058507e578dd462db259f7f6e4c5c365ba4ee9343"},
    {file = "greenlet-2.0.2-cp27-cp27mu-manylinux2010_x86_64.whl", hash = "sha256:d27ec7509b9c18b6d73f2f5ede2622441de812e7b1a80bbd446cb0633bd3d5ae"},
    {file = "greenlet-2.0.2-cp310-cp310-macosx_11_0_x86_64.whl", hash = "sha256:30bcf80dda7f15ac77ba5af2b961bdd9dbc77fd4ac6105cee85b0d0a5fcf74df"},
    {file = "greenlet-2.0.2-cp310-cp310-manylinux_2_17_aarch64.manylinux2014_aarch64.whl", hash = "sha256:26fbfce90728d82bc9e6c38ea4d038cba20b7faf8a0ca53a9c07b67318d46088"},
    {file = "greenlet-2.0.2-cp310-cp310-manylinux_2_17_ppc64le.manylinux2014_ppc64le.whl", hash = "sha256:9190f09060ea4debddd24665d6804b995a9c122ef5917ab26e1566dcc712ceeb"},
    {file = "greenlet-2.0.2-cp310-cp310-manylinux_2_17_x86_64.manylinux2014_x86_64.whl", hash = "sha256:d75209eed723105f9596807495d58d10b3470fa6732dd6756595e89925ce2470"},
    {file = "greenlet-2.0.2-cp310-cp310-musllinux_1_1_aarch64.whl", hash = "sha256:3a51c9751078733d88e013587b108f1b7a1fb106d402fb390740f002b6f6551a"},
    {file = "greenlet-2.0.2-cp310-cp310-musllinux_1_1_x86_64.whl", hash = "sha256:76ae285c8104046b3a7f06b42f29c7b73f77683df18c49ab5af7983994c2dd91"},
    {file = "greenlet-2.0.2-cp310-cp310-win_amd64.whl", hash = "sha256:2d4686f195e32d36b4d7cf2d166857dbd0ee9f3d20ae349b6bf8afc8485b3645"},
    {file = "greenlet-2.0.2-cp311-cp311-macosx_10_9_universal2.whl", hash = "sha256:c4302695ad8027363e96311df24ee28978162cdcdd2006476c43970b384a244c"},
    {file = "greenlet-2.0.2-cp311-cp311-manylinux_2_17_aarch64.manylinux2014_aarch64.whl", hash = "sha256:c48f54ef8e05f04d6eff74b8233f6063cb1ed960243eacc474ee73a2ea8573ca"},
    {file = "greenlet-2.0.2-cp311-cp311-manylinux_2_17_ppc64le.manylinux2014_ppc64le.whl", hash = "sha256:a1846f1b999e78e13837c93c778dcfc3365902cfb8d1bdb7dd73ead37059f0d0"},
    {file = "greenlet-2.0.2-cp311-cp311-manylinux_2_17_x86_64.manylinux2014_x86_64.whl", hash = "sha256:3a06ad5312349fec0ab944664b01d26f8d1f05009566339ac6f63f56589bc1a2"},
    {file = "greenlet-2.0.2-cp311-cp311-musllinux_1_1_aarch64.whl", hash = "sha256:eff4eb9b7eb3e4d0cae3d28c283dc16d9bed6b193c2e1ace3ed86ce48ea8df19"},
    {file = "greenlet-2.0.2-cp311-cp311-musllinux_1_1_x86_64.whl", hash = "sha256:5454276c07d27a740c5892f4907c86327b632127dd9abec42ee62e12427ff7e3"},
    {file = "greenlet-2.0.2-cp311-cp311-win_amd64.whl", hash = "sha256:7cafd1208fdbe93b67c7086876f061f660cfddc44f404279c1585bbf3cdc64c5"},
    {file = "greenlet-2.0.2-cp35-cp35m-macosx_10_14_x86_64.whl", hash = "sha256:910841381caba4f744a44bf81bfd573c94e10b3045ee00de0cbf436fe50673a6"},
    {file = "greenlet-2.0.2-cp35-cp35m-manylinux2010_x86_64.whl", hash = "sha256:18a7f18b82b52ee85322d7a7874e676f34ab319b9f8cce5de06067384aa8ff43"},
    {file = "greenlet-2.0.2-cp35-cp35m-win32.whl", hash = "sha256:03a8f4f3430c3b3ff8d10a2a86028c660355ab637cee9333d63d66b56f09d52a"},
    {file = "greenlet-2.0.2-cp35-cp35m-win_amd64.whl", hash = "sha256:4b58adb399c4d61d912c4c331984d60eb66565175cdf4a34792cd9600f21b394"},
    {file = "greenlet-2.0.2-cp36-cp36m-macosx_10_14_x86_64.whl", hash = "sha256:703f18f3fda276b9a916f0934d2fb6d989bf0b4fb5a64825260eb9bfd52d78f0"},
    {file = "greenlet-2.0.2-cp36-cp36m-manylinux2010_x86_64.whl", hash = "sha256:32e5b64b148966d9cccc2c8d35a671409e45f195864560829f395a54226408d3"},
    {file = "greenlet-2.0.2-cp36-cp36m-manylinux_2_17_aarch64.manylinux2014_aarch64.whl", hash = "sha256:2dd11f291565a81d71dab10b7033395b7a3a5456e637cf997a6f33ebdf06f8db"},
    {file = "greenlet-2.0.2-cp36-cp36m-manylinux_2_17_ppc64le.manylinux2014_ppc64le.whl", hash = "sha256:e0f72c9ddb8cd28532185f54cc1453f2c16fb417a08b53a855c4e6a418edd099"},
    {file = "greenlet-2.0.2-cp36-cp36m-manylinux_2_17_x86_64.manylinux2014_x86_64.whl", hash = "sha256:cd021c754b162c0fb55ad5d6b9d960db667faad0fa2ff25bb6e1301b0b6e6a75"},
    {file = "greenlet-2.0.2-cp36-cp36m-musllinux_1_1_aarch64.whl", hash = "sha256:3c9b12575734155d0c09d6c3e10dbd81665d5c18e1a7c6597df72fd05990c8cf"},
    {file = "greenlet-2.0.2-cp36-cp36m-musllinux_1_1_x86_64.whl", hash = "sha256:b9ec052b06a0524f0e35bd8790686a1da006bd911dd1ef7d50b77bfbad74e292"},
    {file = "greenlet-2.0.2-cp36-cp36m-win32.whl", hash = "sha256:dbfcfc0218093a19c252ca8eb9aee3d29cfdcb586df21049b9d777fd32c14fd9"},
    {file = "greenlet-2.0.2-cp36-cp36m-win_amd64.whl", hash = "sha256:9f35ec95538f50292f6d8f2c9c9f8a3c6540bbfec21c9e5b4b751e0a7c20864f"},
    {file = "greenlet-2.0.2-cp37-cp37m-macosx_10_15_x86_64.whl", hash = "sha256:d5508f0b173e6aa47273bdc0a0b5ba055b59662ba7c7ee5119528f466585526b"},
    {file = "greenlet-2.0.2-cp37-cp37m-manylinux2010_x86_64.whl", hash = "sha256:f82d4d717d8ef19188687aa32b8363e96062911e63ba22a0cff7802a8e58e5f1"},
    {file = "greenlet-2.0.2-cp37-cp37m-manylinux_2_17_aarch64.manylinux2014_aarch64.whl", hash = "sha256:c9c59a2120b55788e800d82dfa99b9e156ff8f2227f07c5e3012a45a399620b7"},
    {file = "greenlet-2.0.2-cp37-cp37m-manylinux_2_17_ppc64le.manylinux2014_ppc64le.whl", hash = "sha256:2780572ec463d44c1d3ae850239508dbeb9fed38e294c68d19a24d925d9223ca"},
    {file = "greenlet-2.0.2-cp37-cp37m-manylinux_2_17_x86_64.manylinux2014_x86_64.whl", hash = "sha256:937e9020b514ceedb9c830c55d5c9872abc90f4b5862f89c0887033ae33c6f73"},
    {file = "greenlet-2.0.2-cp37-cp37m-musllinux_1_1_aarch64.whl", hash = "sha256:36abbf031e1c0f79dd5d596bfaf8e921c41df2bdf54ee1eed921ce1f52999a86"},
    {file = "greenlet-2.0.2-cp37-cp37m-musllinux_1_1_x86_64.whl", hash = "sha256:18e98fb3de7dba1c0a852731c3070cf022d14f0d68b4c87a19cc1016f3bb8b33"},
    {file = "greenlet-2.0.2-cp37-cp37m-win32.whl", hash = "sha256:3f6ea9bd35eb450837a3d80e77b517ea5bc56b4647f5502cd28de13675ee12f7"},
    {file = "greenlet-2.0.2-cp37-cp37m-win_amd64.whl", hash = "sha256:7492e2b7bd7c9b9916388d9df23fa49d9b88ac0640db0a5b4ecc2b653bf451e3"},
    {file = "greenlet-2.0.2-cp38-cp38-macosx_10_15_x86_64.whl", hash = "sha256:b864ba53912b6c3ab6bcb2beb19f19edd01a6bfcbdfe1f37ddd1778abfe75a30"},
    {file = "greenlet-2.0.2-cp38-cp38-manylinux2010_x86_64.whl", hash = "sha256:ba2956617f1c42598a308a84c6cf021a90ff3862eddafd20c3333d50f0edb45b"},
    {file = "greenlet-2.0.2-cp38-cp38-manylinux_2_17_aarch64.manylinux2014_aarch64.whl", hash = "sha256:fc3a569657468b6f3fb60587e48356fe512c1754ca05a564f11366ac9e306526"},
    {file = "greenlet-2.0.2-cp38-cp38-manylinux_2_17_ppc64le.manylinux2014_ppc64le.whl", hash = "sha256:8eab883b3b2a38cc1e050819ef06a7e6344d4a990d24d45bc6f2cf959045a45b"},
    {file = "greenlet-2.0.2-cp38-cp38-manylinux_2_17_x86_64.manylinux2014_x86_64.whl", hash = "sha256:acd2162a36d3de67ee896c43effcd5ee3de247eb00354db411feb025aa319857"},
    {file = "greenlet-2.0.2-cp38-cp38-musllinux_1_1_aarch64.whl", hash = "sha256:0bf60faf0bc2468089bdc5edd10555bab6e85152191df713e2ab1fcc86382b5a"},
    {file = "greenlet-2.0.2-cp38-cp38-musllinux_1_1_x86_64.whl", hash = "sha256:b0ef99cdbe2b682b9ccbb964743a6aca37905fda5e0452e5ee239b1654d37f2a"},
    {file = "greenlet-2.0.2-cp38-cp38-win32.whl", hash = "sha256:b80f600eddddce72320dbbc8e3784d16bd3fb7b517e82476d8da921f27d4b249"},
    {file = "greenlet-2.0.2-cp38-cp38-win_amd64.whl", hash = "sha256:4d2e11331fc0c02b6e84b0d28ece3a36e0548ee1a1ce9ddde03752d9b79bba40"},
    {file = "greenlet-2.0.2-cp39-cp39-macosx_11_0_x86_64.whl", hash = "sha256:88d9ab96491d38a5ab7c56dd7a3cc37d83336ecc564e4e8816dbed12e5aaefc8"},
    {file = "greenlet-2.0.2-cp39-cp39-manylinux2010_x86_64.whl", hash = "sha256:561091a7be172ab497a3527602d467e2b3fbe75f9e783d8b8ce403fa414f71a6"},
    {file = "greenlet-2.0.2-cp39-cp39-manylinux_2_17_aarch64.manylinux2014_aarch64.whl", hash = "sha256:971ce5e14dc5e73715755d0ca2975ac88cfdaefcaab078a284fea6cfabf866df"},
    {file = "greenlet-2.0.2-cp39-cp39-manylinux_2_17_ppc64le.manylinux2014_ppc64le.whl", hash = "sha256:be4ed120b52ae4d974aa40215fcdfde9194d63541c7ded40ee12eb4dda57b76b"},
    {file = "greenlet-2.0.2-cp39-cp39-manylinux_2_17_x86_64.manylinux2014_x86_64.whl", hash = "sha256:94c817e84245513926588caf1152e3b559ff794d505555211ca041f032abbb6b"},
    {file = "greenlet-2.0.2-cp39-cp39-musllinux_1_1_aarch64.whl", hash = "sha256:1a819eef4b0e0b96bb0d98d797bef17dc1b4a10e8d7446be32d1da33e095dbb8"},
    {file = "greenlet-2.0.2-cp39-cp39-musllinux_1_1_x86_64.whl", hash = "sha256:7efde645ca1cc441d6dc4b48c0f7101e8d86b54c8530141b09fd31cef5149ec9"},
    {file = "greenlet-2.0.2-cp39-cp39-win32.whl", hash = "sha256:ea9872c80c132f4663822dd2a08d404073a5a9b5ba6155bea72fb2a79d1093b5"},
    {file = "greenlet-2.0.2-cp39-cp39-win_amd64.whl", hash = "sha256:db1a39669102a1d8d12b57de2bb7e2ec9066a6f2b3da35ae511ff93b01b5d564"},
    {file = "greenlet-2.0.2.tar.gz", hash = "sha256:e7c8dc13af7db097bed64a051d2dd49e9f0af495c26995c00a9ee842690d34c0"},
]

[package.extras]
docs = ["Sphinx", "docutils (<0.18)"]
test = ["objgraph", "psutil"]

[[package]]
name = "sqlalchemy"
version = "2.0.2"
description = "Database Abstraction Library"
category = "main"
optional = false
python-versions = ">=3.7"
files = [
    {file = "SQLAlchemy-2.0.2-cp310-cp310-macosx_10_9_x86_64.whl", hash = "sha256:d8efcdfe08efd12ee91f5e858adb34a0a73071a95c09c47303a656a9bac3b93b"},
    {file = "SQLAlchemy-2.0.2-cp310-cp310-macosx_11_0_arm64.whl", hash = "sha256:ba1ec69fa7abb23c2bc9fcd10b3386ea1f62f9d558b7f3a749988374e6cb6ee5"},
    {file = "SQLAlchemy-2.0.2-cp310-cp310-manylinux_2_17_aarch64.manylinux2014_aarch64.whl", hash = "sha256:293c51d60da2ad52fb88d3f2357ff7ac3c156c5cb81feadd8258d45ebeea0a65"},
    {file = "SQLAlchemy-2.0.2-cp310-cp310-manylinux_2_17_x86_64.manylinux2014_x86_64.whl", hash = "sha256:b80ddc3bf6088ce83437cdfb2e32099b82a2819c409c85b782a84aa1143f8eda"},
    {file = "SQLAlchemy-2.0.2-cp310-cp310-musllinux_1_1_aarch64.whl", hash = "sha256:dd3595576c6cdfd91eb1aaa18f542e9db87b5a5f3552573892d37d91102fd951"},
    {file = "SQLAlchemy-2.0.2-cp310-cp310-musllinux_1_1_x86_64.whl", hash = "sha256:0666025f44119bd18e1c5ceb536422356dc176d3230a13979ab2a7dd5d24b899"},
    {file = "SQLAlchemy-2.0.2-cp310-cp310-win32.whl", hash = "sha256:9e28dc39dd739f48d38486811f5a703673ed11e5968402fff835e60cbf379833"},
    {file = "SQLAlchemy-2.0.2-cp310-cp310-win_amd64.whl", hash = "sha256:8a3bd94c7d04fed688ba333bfb5a0106800112b9f623aed1e5b0b6466e8c5c66"},
    {file = "SQLAlchemy-2.0.2-cp311-cp311-macosx_10_9_x86_64.whl", hash = "sha256:c7892245a79d612e163d2ce72b1e77c863840f7453e9469f6dd3e6b9ded67739"},
    {file = "SQLAlchemy-2.0.2-cp311-cp311-macosx_11_0_arm64.whl", hash = "sha256:f2acafb0ef17d591a13621581b5d1abddb3dd25f601f368173135922915f56cd"},
    {file = "SQLAlchemy-2.0.2-cp311-cp311-manylinux_2_17_aarch64.manylinux2014_aarch64.whl", hash = "sha256:afd9326886d424616f6c1b90d99b58c8a99c51f4515c8f8550830f9d4ac04ef3"},
    {file = "SQLAlchemy-2.0.2-cp311-cp311-manylinux_2_17_x86_64.manylinux2014_x86_64.whl", hash = "sha256:4b1f661cc378d61f495af49d8af83f779bb802046394e63ab1269b4180fceba0"},
    {file = "SQLAlchemy-2.0.2-cp311-cp311-musllinux_1_1_aarch64.whl", hash = "sha256:55a72010983b655a638ea318b4efa30b04b001c158298ceb47fbf5da296092b0"},
    {file = "SQLAlchemy-2.0.2-cp311-cp311-musllinux_1_1_x86_64.whl", hash = "sha256:f91a4d0815fa9d236380a27762f7bd1304631605b8e2aa75b6b7d03343fd8fe8"},
    {file = "SQLAlchemy-2.0.2-cp311-cp311-win32.whl", hash = "sha256:27e8a5359c6227f3d665b1556169de840b375cf055c800a9bc27ed33f3c51e1b"},
    {file = "SQLAlchemy-2.0.2-cp311-cp311-win_amd64.whl", hash = "sha256:bfac4cb8585d7c5b06567c754e999410eb12248f8ce2474dc2d9bc53be1fba0c"},
    {file = "SQLAlchemy-2.0.2-cp37-cp37m-macosx_10_9_x86_64.whl", hash = "sha256:ebf6fe4cfd3b79f582b750b7ba69ba779d3fc7498818f8251dc6d38f5d5e206f"},
    {file = "SQLAlchemy-2.0.2-cp37-cp37m-manylinux_2_17_aarch64.manylinux2014_aarch64.whl", hash = "sha256:92dc029273615ffbb40fa0e1cc8190618f1603ad98b1ad59d57078f1feb969b9"},
    {file = "SQLAlchemy-2.0.2-cp37-cp37m-manylinux_2_17_x86_64.manylinux2014_x86_64.whl", hash = "sha256:3b79ab1b7f5c39050daa03c100115efa2d8f996f14bc33cc9535cb60ca8357c4"},
    {file = "SQLAlchemy-2.0.2-cp37-cp37m-musllinux_1_1_aarch64.whl", hash = "sha256:fc486297fe7f1465a2baac371d2153643a34ea1af803b68443bc359cfdc2bbcf"},
    {file = "SQLAlchemy-2.0.2-cp37-cp37m-musllinux_1_1_x86_64.whl", hash = "sha256:1a9d46844f4c88dc6cbfcabc6985beebd34661ef3b0e75c216a6428939fb3669"},
    {file = "SQLAlchemy-2.0.2-cp37-cp37m-win32.whl", hash = "sha256:3381fa42e2b388abf448800cf550bbf174eff41f6c57b362077db142417d2922"},
    {file = "SQLAlchemy-2.0.2-cp37-cp37m-win_amd64.whl", hash = "sha256:8f3e9b71425af186fa51ab0d6172ef81809eb0e9f89b035612a913f8a9b44e4b"},
    {file = "SQLAlchemy-2.0.2-cp38-cp38-macosx_10_9_x86_64.whl", hash = "sha256:004459a78d376ab9c79ac1b613e0f0d44e88a105e4232357d0c7fa4c7b7e3a49"},
    {file = "SQLAlchemy-2.0.2-cp38-cp38-macosx_11_0_arm64.whl", hash = "sha256:38ab55db6ce10c1ab2424d1dfed0add6e6afdeb1c65cec776ac6a01c1fb2f90a"},
    {file = "SQLAlchemy-2.0.2-cp38-cp38-manylinux_2_17_aarch64.manylinux2014_aarch64.whl", hash = "sha256:5d34374993910d4520681b7b95ea60e05aa18a8ef7d36ffa94bde87730f6426d"},
    {file = "SQLAlchemy-2.0.2-cp38-cp38-manylinux_2_17_x86_64.manylinux2014_x86_64.whl", hash = "sha256:0c6c556e01b0bbaea85ce030af4347e47fcb695c3254cfd480099ec1ed6ea609"},
    {file = "SQLAlchemy-2.0.2-cp38-cp38-musllinux_1_1_aarch64.whl", hash = "sha256:061c7be6b7042f298187e39528c85b4de233361412c88de9fba62a3ee727eb71"},
    {file = "SQLAlchemy-2.0.2-cp38-cp38-musllinux_1_1_x86_64.whl", hash = "sha256:301f5fb0718e000d47db6ebcee64de91fa94865d7b59872258ba36e4eafbfe8f"},
    {file = "SQLAlchemy-2.0.2-cp38-cp38-win32.whl", hash = "sha256:35765bf1ff823d05cf9c4eb18ba2db2290b2a2e2196d1a1d06d714ea55c1b997"},
    {file = "SQLAlchemy-2.0.2-cp38-cp38-win_amd64.whl", hash = "sha256:9a9205379388e57c486244e285d5d5c047ef9241bd4238e9469a4873b75d1e4a"},
    {file = "SQLAlchemy-2.0.2-cp39-cp39-macosx_10_9_x86_64.whl", hash = "sha256:6282a712dbcfd86e3fee2e4c459c7337141f774450f60809fd0f0edebd07f37a"},
    {file = "SQLAlchemy-2.0.2-cp39-cp39-macosx_11_0_arm64.whl", hash = "sha256:43482b8f0bed711b3769037e86c45619370bf529aee605975586fdd80ee770a0"},
    {file = "SQLAlchemy-2.0.2-cp39-cp39-manylinux_2_17_aarch64.manylinux2014_aarch64.whl", hash = "sha256:fec1aebc9256b02a59e8a69d4b7aa2299e04e7b51bb4fd11daaba5df1ad592c7"},
    {file = "SQLAlchemy-2.0.2-cp39-cp39-manylinux_2_17_x86_64.manylinux2014_x86_64.whl", hash = "sha256:5e8baa4e421136a582f5d9d262ce568ce3eb413d3455650c34d674e5a9f092aa"},
    {file = "SQLAlchemy-2.0.2-cp39-cp39-musllinux_1_1_aarch64.whl", hash = "sha256:90550ff7a96143579472a93aff6dae0999316528ce0f3165083f93d036e313bf"},
    {file = "SQLAlchemy-2.0.2-cp39-cp39-musllinux_1_1_x86_64.whl", hash = "sha256:edf1a0cfd9979a805ad0d725e436d6460a5b44afc7de0ffae3321a9d2afeff54"},
    {file = "SQLAlchemy-2.0.2-cp39-cp39-win32.whl", hash = "sha256:abeb371ff47633c7d16b1e1e56e3d41a9b0ab34463c1726f22e1b68401d28cac"},
    {file = "SQLAlchemy-2.0.2-cp39-cp39-win_amd64.whl", hash = "sha256:b0323d65b4cd9408261026495a650566d62d056adeb848d1f1f8be0da38a1e0a"},
    {file = "SQLAlchemy-2.0.2-py3-none-any.whl", hash = "sha256:d561e44c0b480b7e74fa002bea949c9f5aff555724f4d10883391cbd8790c81b"},
    {file = "SQLAlchemy-2.0.2.tar.gz", hash = "sha256:e4d3cf5352f724237e27463de4bf19888235342af2efa37ef1cd391d8b702a16"},
]

[package.dependencies]
greenlet = {version = "!=0.4.17", markers = "platform_machine == \"aarch64\" or platform_machine == \"ppc64le\" or platform_machine == \"x86_64\" or platform_machine == \"amd64\" or platform_machine == \"AMD64\" or platform_machine == \"win32\" or platform_machine == \"WIN32\""}
typing-extensions = ">=4.2.0"

[package.extras]
aiomysql = ["aiomysql", "greenlet (!=0.4.17)"]
aiosqlite = ["aiosqlite", "greenlet (!=0.4.17)", "typing-extensions (!=3.10.0.1)"]
asyncio = ["greenlet (!=0.4.17)"]
asyncmy = ["asyncmy (>=0.2.3,!=0.2.4,!=0.2.6)", "greenlet (!=0.4.17)"]
mariadb-connector = ["mariadb (>=1.0.1,!=1.1.2,!=1.1.5)"]
mssql = ["pyodbc"]
mssql-pymssql = ["pymssql"]
mssql-pyodbc = ["pyodbc"]
mypy = ["mypy (>=0.910)"]
mysql = ["mysqlclient (>=1.4.0)"]
mysql-connector = ["mysql-connector-python"]
oracle = ["cx-oracle (>=7)"]
oracle-oracledb = ["oracledb (>=1.0.1)"]
postgresql = ["psycopg2 (>=2.7)"]
postgresql-asyncpg = ["asyncpg", "greenlet (!=0.4.17)"]
postgresql-pg8000 = ["pg8000 (>=1.29.1)"]
postgresql-psycopg = ["psycopg (>=3.0.7)"]
postgresql-psycopg2binary = ["psycopg2-binary"]
postgresql-psycopg2cffi = ["psycopg2cffi"]
pymysql = ["pymysql"]
sqlcipher = ["sqlcipher3-binary"]

[[package]]
name = "typing-extensions"
version = "4.4.0"
description = "Backported and Experimental Type Hints for Python 3.7+"
category = "main"
optional = false
python-versions = ">=3.7"
files = [
    {file = "typing_extensions-4.4.0-py3-none-any.whl", hash = "sha256:16fa4864408f655d35ec496218b85f79b3437c829e93320c7c9215ccfd92489e"},
    {file = "typing_extensions-4.4.0.tar.gz", hash = "sha256:1511434bb92bf8dd198c12b1cc812e800d4181cfcb867674e0f8279cc93087aa"},
]

[metadata]
lock-version = "2.0"
python-versions = "^3.9"
content-hash = "051e6c427ce9283299da5e846c8f3817d6f2750d000899bcc38c60aeac7e8eaf"
